
Microsoft Visual Studio Solution File, Format Version 12.00
# Visual Studio 2013
VisualStudioVersion = 12.0.30501.0
MinimumVisualStudioVersion = 10.0.40219.1
Project("{FAE04EC0-301F-11D3-BF4B-00C04F79EFBC}") = "SimpleExchangeService", "SimpleExchangeService\SimpleExchangeService.csproj", "{EDB09AAF-7003-4D1B-9C4C-E50E35FD8717}"
EndProject
Project("{FAE04EC0-301F-11D3-BF4B-00C04F79EFBC}") = "ExchangeServiceTests", "ExchangeServiceTests\ExchangeServiceTests.csproj", "{238F5D88-B074-447B-9AB1-0687F8A92DDC}"
EndProject
Project("{FAE04EC0-301F-11D3-BF4B-00C04F79EFBC}") = "ExchangeServiceTestIntegration", "ExchangeServiceTestIntegration\ExchangeServiceTestIntegration.csproj", "{68675FD7-C955-4526-8AAE-86C2053AD170}"
EndProject
Project("{2150E333-8FDC-42A3-9474-1A3956D46DE8}") = "Lib", "Lib", "{3EA19A03-28A3-4307-B95A-00F78D9FD4EA}"
	ProjectSection(SolutionItems) = preProject
		Lib\CommonLib.dll = Lib\CommonLib.dll
		Lib\Microsoft.Exchange.WebServices.dll = Lib\Microsoft.Exchange.WebServices.dll
	EndProjectSection
EndProject
Project("{FAE04EC0-301F-11D3-BF4B-00C04F79EFBC}") = "ExchangeIntegrationCommon", "ExchangeIntegrationCommon\ExchangeIntegrationCommon.csproj", "{98B87E29-926A-434E-9725-3A1E62F1D71C}"
EndProject
Global
	GlobalSection(SolutionConfigurationPlatforms) = preSolution
		Debug|Any CPU = Debug|Any CPU
		Release|Any CPU = Release|Any CPU
	EndGlobalSection
	GlobalSection(ProjectConfigurationPlatforms) = postSolution
		{EDB09AAF-7003-4D1B-9C4C-E50E35FD8717}.Debug|Any CPU.ActiveCfg = Debug|Any CPU
		{EDB09AAF-7003-4D1B-9C4C-E50E35FD8717}.Debug|Any CPU.Build.0 = Debug|Any CPU
		{EDB09AAF-7003-4D1B-9C4C-E50E35FD8717}.Release|Any CPU.ActiveCfg = Release|Any CPU
		{EDB09AAF-7003-4D1B-9C4C-E50E35FD8717}.Release|Any CPU.Build.0 = Release|Any CPU
		{238F5D88-B074-447B-9AB1-0687F8A92DDC}.Debug|Any CPU.ActiveCfg = Debug|Any CPU
		{238F5D88-B074-447B-9AB1-0687F8A92DDC}.Debug|Any CPU.Build.0 = Debug|Any CPU
		{238F5D88-B074-447B-9AB1-0687F8A92DDC}.Release|Any CPU.ActiveCfg = Release|Any CPU
		{238F5D88-B074-447B-9AB1-0687F8A92DDC}.Release|Any CPU.Build.0 = Release|Any CPU
		{68675FD7-C955-4526-8AAE-86C2053AD170}.Debug|Any CPU.ActiveCfg = Debug|Any CPU
		{68675FD7-C955-4526-8AAE-86C2053AD170}.Debug|Any CPU.Build.0 = Debug|Any CPU
		{68675FD7-C955-4526-8AAE-86C2053AD170}.Release|Any CPU.ActiveCfg = Release|Any CPU
		{68675FD7-C955-4526-8AAE-86C2053AD170}.Release|Any CPU.Build.0 = Release|Any CPU
		{98B87E29-926A-434E-9725-3A1E62F1D71C}.Debug|Any CPU.ActiveCfg = Debug|Any CPU
		{98B87E29-926A-434E-9725-3A1E62F1D71C}.Debug|Any CPU.Build.0 = Debug|Any CPU
		{98B87E29-926A-434E-9725-3A1E62F1D71C}.Release|Any CPU.ActiveCfg = Release|Any CPU
		{98B87E29-926A-434E-9725-3A1E62F1D71C}.Release|Any CPU.Build.0 = Release|Any CPU
	EndGlobalSection
	GlobalSection(SolutionProperties) = preSolution
		HideSolutionNode = FALSE
	EndGlobalSection
	GlobalSection(ExtensibilityGlobals) = postSolution
		EnterpriseLibraryConfigurationToolBinariesPath = packages\Unity.2.1.505.0\lib\NET35
	EndGlobalSection
EndGlobal
